// !$*UTF8*$!
{
	archiveVersion = 1;
	classes = {
	};
	objectVersion = 50;
	objects = {

/* Begin PBXBuildFile section */
		2A023220FD629D2F81F3F431 /* Pods_AppStore.framework in Frameworks */ = {isa = PBXBuildFile; fileRef = A91ECCA9651234F3E07A0122 /* Pods_AppStore.framework */; };
		3906FE42D2F0A61F54C59788 /* Pods_AppStoreTests.framework in Frameworks */ = {isa = PBXBuildFile; fileRef = A9B5FD3F2C4757AB3A4B229F /* Pods_AppStoreTests.framework */; };
		91021CBBC05471328347440E /* Pods_AppStoreUITests.framework in Frameworks */ = {isa = PBXBuildFile; fileRef = C6B28804A3165FBDE65B362F /* Pods_AppStoreUITests.framework */; };
		D25CAC1B20EDF8B200ED474C /* AppDetailDataModel.swift in Sources */ = {isa = PBXBuildFile; fileRef = D25CAC1A20EDF8B200ED474C /* AppDetailDataModel.swift */; };
		D2AB9A4E20DCB67600F8E497 /* MainTableViewCell.swift in Sources */ = {isa = PBXBuildFile; fileRef = D2AB9A4D20DCB67600F8E497 /* MainTableViewCell.swift */; };
		D2AB9A5020DCBAB500F8E497 /* AppDetailViewController.swift in Sources */ = {isa = PBXBuildFile; fileRef = D2AB9A4F20DCBAB500F8E497 /* AppDetailViewController.swift */; };
		D2AB9A5220DCC01900F8E497 /* AppDataModel.swift in Sources */ = {isa = PBXBuildFile; fileRef = D2AB9A5120DCC01900F8E497 /* AppDataModel.swift */; };
		D2B299FF20DC7D4A00D42C4C /* AppDelegate.swift in Sources */ = {isa = PBXBuildFile; fileRef = D2B299FE20DC7D4A00D42C4C /* AppDelegate.swift */; };
		D2B29A0120DC7D4A00D42C4C /* MainViewController.swift in Sources */ = {isa = PBXBuildFile; fileRef = D2B29A0020DC7D4A00D42C4C /* MainViewController.swift */; };
		D2B29A0420DC7D4A00D42C4C /* Main.storyboard in Resources */ = {isa = PBXBuildFile; fileRef = D2B29A0220DC7D4A00D42C4C /* Main.storyboard */; };
		D2B29A0620DC7D4B00D42C4C /* Assets.xcassets in Resources */ = {isa = PBXBuildFile; fileRef = D2B29A0520DC7D4B00D42C4C /* Assets.xcassets */; };
		D2B29A0920DC7D4B00D42C4C /* LaunchScreen.storyboard in Resources */ = {isa = PBXBuildFile; fileRef = D2B29A0720DC7D4B00D42C4C /* LaunchScreen.storyboard */; };
		D2B29A1420DC7D4B00D42C4C /* AppStoreTests.swift in Sources */ = {isa = PBXBuildFile; fileRef = D2B29A1320DC7D4B00D42C4C /* AppStoreTests.swift */; };
		D2B29A1F20DC7D4C00D42C4C /* AppStoreUITests.swift in Sources */ = {isa = PBXBuildFile; fileRef = D2B29A1E20DC7D4C00D42C4C /* AppStoreUITests.swift */; };
/* End PBXBuildFile section */

/* Begin PBXContainerItemProxy section */
		D2B29A1020DC7D4B00D42C4C /* PBXContainerItemProxy */ = {
			isa = PBXContainerItemProxy;
			containerPortal = D2B299F320DC7D4A00D42C4C /* Project object */;
			proxyType = 1;
			remoteGlobalIDString = D2B299FA20DC7D4A00D42C4C;
			remoteInfo = AppStore;
		};
		D2B29A1B20DC7D4B00D42C4C /* PBXContainerItemProxy */ = {
			isa = PBXContainerItemProxy;
			containerPortal = D2B299F320DC7D4A00D42C4C /* Project object */;
			proxyType = 1;
			remoteGlobalIDString = D2B299FA20DC7D4A00D42C4C;
			remoteInfo = AppStore;
		};
/* End PBXContainerItemProxy section */

/* Begin PBXFileReference section */
		2C6B55762F5DB61685F0C825 /* Pods-AppStore.release.xcconfig */ = {isa = PBXFileReference; includeInIndex = 1; lastKnownFileType = text.xcconfig; name = "Pods-AppStore.release.xcconfig"; path = "Pods/Target Support Files/Pods-AppStore/Pods-AppStore.release.xcconfig"; sourceTree = "<group>"; };
		4032AC52A5011A1D4BA97526 /* Pods-AppStoreUITests.debug.xcconfig */ = {isa = PBXFileReference; includeInIndex = 1; lastKnownFileType = text.xcconfig; name = "Pods-AppStoreUITests.debug.xcconfig"; path = "Pods/Target Support Files/Pods-AppStoreUITests/Pods-AppStoreUITests.debug.xcconfig"; sourceTree = "<group>"; };
		5DA31EB0B36751BAC13F6689 /* Pods-AppStoreTests.debug.xcconfig */ = {isa = PBXFileReference; includeInIndex = 1; lastKnownFileType = text.xcconfig; name = "Pods-AppStoreTests.debug.xcconfig"; path = "Pods/Target Support Files/Pods-AppStoreTests/Pods-AppStoreTests.debug.xcconfig"; sourceTree = "<group>"; };
		7A5A5083C1981941FA84401C /* Pods-AppStore.debug.xcconfig */ = {isa = PBXFileReference; includeInIndex = 1; lastKnownFileType = text.xcconfig; name = "Pods-AppStore.debug.xcconfig"; path = "Pods/Target Support Files/Pods-AppStore/Pods-AppStore.debug.xcconfig"; sourceTree = "<group>"; };
		7C50B735EA1D17EEEFCC4DF8 /* Pods-AppStoreUITests.release.xcconfig */ = {isa = PBXFileReference; includeInIndex = 1; lastKnownFileType = text.xcconfig; name = "Pods-AppStoreUITests.release.xcconfig"; path = "Pods/Target Support Files/Pods-AppStoreUITests/Pods-AppStoreUITests.release.xcconfig"; sourceTree = "<group>"; };
		80087975D1C3D9A6E79CEE56 /* Pods-AppStoreTests.release.xcconfig */ = {isa = PBXFileReference; includeInIndex = 1; lastKnownFileType = text.xcconfig; name = "Pods-AppStoreTests.release.xcconfig"; path = "Pods/Target Support Files/Pods-AppStoreTests/Pods-AppStoreTests.release.xcconfig"; sourceTree = "<group>"; };
		A91ECCA9651234F3E07A0122 /* Pods_AppStore.framework */ = {isa = PBXFileReference; explicitFileType = wrapper.framework; includeInIndex = 0; path = Pods_AppStore.framework; sourceTree = BUILT_PRODUCTS_DIR; };
		A9B5FD3F2C4757AB3A4B229F /* Pods_AppStoreTests.framework */ = {isa = PBXFileReference; explicitFileType = wrapper.framework; includeInIndex = 0; path = Pods_AppStoreTests.framework; sourceTree = BUILT_PRODUCTS_DIR; };
		C6B28804A3165FBDE65B362F /* Pods_AppStoreUITests.framework */ = {isa = PBXFileReference; explicitFileType = wrapper.framework; includeInIndex = 0; path = Pods_AppStoreUITests.framework; sourceTree = BUILT_PRODUCTS_DIR; };
		D25CAC1A20EDF8B200ED474C /* AppDetailDataModel.swift */ = {isa = PBXFileReference; lastKnownFileType = sourcecode.swift; path = AppDetailDataModel.swift; sourceTree = "<group>"; };
		D2AB9A4D20DCB67600F8E497 /* MainTableViewCell.swift */ = {isa = PBXFileReference; lastKnownFileType = sourcecode.swift; path = MainTableViewCell.swift; sourceTree = "<group>"; };
		D2AB9A4F20DCBAB500F8E497 /* AppDetailViewController.swift */ = {isa = PBXFileReference; lastKnownFileType = sourcecode.swift; path = AppDetailViewController.swift; sourceTree = "<group>"; };
		D2AB9A5120DCC01900F8E497 /* AppDataModel.swift */ = {isa = PBXFileReference; lastKnownFileType = sourcecode.swift; path = AppDataModel.swift; sourceTree = "<group>"; };
		D2B299FB20DC7D4A00D42C4C /* AppStore.app */ = {isa = PBXFileReference; explicitFileType = wrapper.application; includeInIndex = 0; path = AppStore.app; sourceTree = BUILT_PRODUCTS_DIR; };
		D2B299FE20DC7D4A00D42C4C /* AppDelegate.swift */ = {isa = PBXFileReference; lastKnownFileType = sourcecode.swift; path = AppDelegate.swift; sourceTree = "<group>"; };
		D2B29A0020DC7D4A00D42C4C /* MainViewController.swift */ = {isa = PBXFileReference; lastKnownFileType = sourcecode.swift; path = MainViewController.swift; sourceTree = "<group>"; };
		D2B29A0320DC7D4A00D42C4C /* Base */ = {isa = PBXFileReference; lastKnownFileType = file.storyboard; name = Base; path = Base.lproj/Main.storyboard; sourceTree = "<group>"; };
		D2B29A0520DC7D4B00D42C4C /* Assets.xcassets */ = {isa = PBXFileReference; lastKnownFileType = folder.assetcatalog; path = Assets.xcassets; sourceTree = "<group>"; };
		D2B29A0820DC7D4B00D42C4C /* Base */ = {isa = PBXFileReference; lastKnownFileType = file.storyboard; name = Base; path = Base.lproj/LaunchScreen.storyboard; sourceTree = "<group>"; };
		D2B29A0A20DC7D4B00D42C4C /* Info.plist */ = {isa = PBXFileReference; lastKnownFileType = text.plist.xml; path = Info.plist; sourceTree = "<group>"; };
		D2B29A0F20DC7D4B00D42C4C /* AppStoreTests.xctest */ = {isa = PBXFileReference; explicitFileType = wrapper.cfbundle; includeInIndex = 0; path = AppStoreTests.xctest; sourceTree = BUILT_PRODUCTS_DIR; };
		D2B29A1320DC7D4B00D42C4C /* AppStoreTests.swift */ = {isa = PBXFileReference; lastKnownFileType = sourcecode.swift; path = AppStoreTests.swift; sourceTree = "<group>"; };
		D2B29A1520DC7D4B00D42C4C /* Info.plist */ = {isa = PBXFileReference; lastKnownFileType = text.plist.xml; path = Info.plist; sourceTree = "<group>"; };
		D2B29A1A20DC7D4B00D42C4C /* AppStoreUITests.xctest */ = {isa = PBXFileReference; explicitFileType = wrapper.cfbundle; includeInIndex = 0; path = AppStoreUITests.xctest; sourceTree = BUILT_PRODUCTS_DIR; };
		D2B29A1E20DC7D4C00D42C4C /* AppStoreUITests.swift */ = {isa = PBXFileReference; lastKnownFileType = sourcecode.swift; path = AppStoreUITests.swift; sourceTree = "<group>"; };
		D2B29A2020DC7D4C00D42C4C /* Info.plist */ = {isa = PBXFileReference; lastKnownFileType = text.plist.xml; path = Info.plist; sourceTree = "<group>"; };
/* End PBXFileReference section */

/* Begin PBXFrameworksBuildPhase section */
		D2B299F820DC7D4A00D42C4C /* Frameworks */ = {
			isa = PBXFrameworksBuildPhase;
			buildActionMask = 2147483647;
			files = (
				2A023220FD629D2F81F3F431 /* Pods_AppStore.framework in Frameworks */,
			);
			runOnlyForDeploymentPostprocessing = 0;
		};
		D2B29A0C20DC7D4B00D42C4C /* Frameworks */ = {
			isa = PBXFrameworksBuildPhase;
			buildActionMask = 2147483647;
			files = (
				3906FE42D2F0A61F54C59788 /* Pods_AppStoreTests.framework in Frameworks */,
			);
			runOnlyForDeploymentPostprocessing = 0;
		};
		D2B29A1720DC7D4B00D42C4C /* Frameworks */ = {
			isa = PBXFrameworksBuildPhase;
			buildActionMask = 2147483647;
			files = (
				91021CBBC05471328347440E /* Pods_AppStoreUITests.framework in Frameworks */,
			);
			runOnlyForDeploymentPostprocessing = 0;
		};
/* End PBXFrameworksBuildPhase section */

/* Begin PBXGroup section */
		4104906F66D207870E20E669 /* Pods */ = {
			isa = PBXGroup;
			children = (
				7A5A5083C1981941FA84401C /* Pods-AppStore.debug.xcconfig */,
				2C6B55762F5DB61685F0C825 /* Pods-AppStore.release.xcconfig */,
				5DA31EB0B36751BAC13F6689 /* Pods-AppStoreTests.debug.xcconfig */,
				80087975D1C3D9A6E79CEE56 /* Pods-AppStoreTests.release.xcconfig */,
				4032AC52A5011A1D4BA97526 /* Pods-AppStoreUITests.debug.xcconfig */,
				7C50B735EA1D17EEEFCC4DF8 /* Pods-AppStoreUITests.release.xcconfig */,
			);
			name = Pods;
			sourceTree = "<group>";
		};
		7CA0838045F70E2BAEC6D430 /* Frameworks */ = {
			isa = PBXGroup;
			children = (
				A91ECCA9651234F3E07A0122 /* Pods_AppStore.framework */,
				A9B5FD3F2C4757AB3A4B229F /* Pods_AppStoreTests.framework */,
				C6B28804A3165FBDE65B362F /* Pods_AppStoreUITests.framework */,
			);
			name = Frameworks;
			sourceTree = "<group>";
		};
		D2B299F220DC7D4A00D42C4C = {
			isa = PBXGroup;
			children = (
				D2B299FD20DC7D4A00D42C4C /* AppStore */,
				D2B29A1220DC7D4B00D42C4C /* AppStoreTests */,
				D2B29A1D20DC7D4C00D42C4C /* AppStoreUITests */,
				D2B299FC20DC7D4A00D42C4C /* Products */,
				4104906F66D207870E20E669 /* Pods */,
				7CA0838045F70E2BAEC6D430 /* Frameworks */,
			);
			sourceTree = "<group>";
		};
		D2B299FC20DC7D4A00D42C4C /* Products */ = {
			isa = PBXGroup;
			children = (
				D2B299FB20DC7D4A00D42C4C /* AppStore.app */,
				D2B29A0F20DC7D4B00D42C4C /* AppStoreTests.xctest */,
				D2B29A1A20DC7D4B00D42C4C /* AppStoreUITests.xctest */,
			);
			name = Products;
			sourceTree = "<group>";
		};
		D2B299FD20DC7D4A00D42C4C /* AppStore */ = {
			isa = PBXGroup;
			children = (
				D2B299FE20DC7D4A00D42C4C /* AppDelegate.swift */,
				D2B29A0020DC7D4A00D42C4C /* MainViewController.swift */,
				D2AB9A4D20DCB67600F8E497 /* MainTableViewCell.swift */,
				D2AB9A4F20DCBAB500F8E497 /* AppDetailViewController.swift */,
				D2AB9A5120DCC01900F8E497 /* AppDataModel.swift */,
				D25CAC1A20EDF8B200ED474C /* AppDetailDataModel.swift */,
				D2B29A0220DC7D4A00D42C4C /* Main.storyboard */,
				D2B29A0520DC7D4B00D42C4C /* Assets.xcassets */,
				D2B29A0720DC7D4B00D42C4C /* LaunchScreen.storyboard */,
				D2B29A0A20DC7D4B00D42C4C /* Info.plist */,
			);
			path = AppStore;
			sourceTree = "<group>";
		};
		D2B29A1220DC7D4B00D42C4C /* AppStoreTests */ = {
			isa = PBXGroup;
			children = (
				D2B29A1320DC7D4B00D42C4C /* AppStoreTests.swift */,
				D2B29A1520DC7D4B00D42C4C /* Info.plist */,
			);
			path = AppStoreTests;
			sourceTree = "<group>";
		};
		D2B29A1D20DC7D4C00D42C4C /* AppStoreUITests */ = {
			isa = PBXGroup;
			children = (
				D2B29A1E20DC7D4C00D42C4C /* AppStoreUITests.swift */,
				D2B29A2020DC7D4C00D42C4C /* Info.plist */,
			);
			path = AppStoreUITests;
			sourceTree = "<group>";
		};
/* End PBXGroup section */

/* Begin PBXNativeTarget section */
		D2B299FA20DC7D4A00D42C4C /* AppStore */ = {
			isa = PBXNativeTarget;
			buildConfigurationList = D2B29A2320DC7D4C00D42C4C /* Build configuration list for PBXNativeTarget "AppStore" */;
			buildPhases = (
				47D2D2B5C3F97C8A0A9F0C3B /* [CP] Check Pods Manifest.lock */,
				D2B299F720DC7D4A00D42C4C /* Sources */,
				D2B299F820DC7D4A00D42C4C /* Frameworks */,
				D2B299F920DC7D4A00D42C4C /* Resources */,
				19BAA33BF3856A90A301B74E /* [CP] Embed Pods Frameworks */,
			);
			buildRules = (
			);
			dependencies = (
			);
			name = AppStore;
			productName = AppStore;
			productReference = D2B299FB20DC7D4A00D42C4C /* AppStore.app */;
			productType = "com.apple.product-type.application";
		};
		D2B29A0E20DC7D4B00D42C4C /* AppStoreTests */ = {
			isa = PBXNativeTarget;
			buildConfigurationList = D2B29A2620DC7D4C00D42C4C /* Build configuration list for PBXNativeTarget "AppStoreTests" */;
			buildPhases = (
				2308C0D898856CD1A0BF5591 /* [CP] Check Pods Manifest.lock */,
				D2B29A0B20DC7D4B00D42C4C /* Sources */,
				D2B29A0C20DC7D4B00D42C4C /* Frameworks */,
				D2B29A0D20DC7D4B00D42C4C /* Resources */,
			);
			buildRules = (
			);
			dependencies = (
				D2B29A1120DC7D4B00D42C4C /* PBXTargetDependency */,
			);
			name = AppStoreTests;
			productName = AppStoreTests;
			productReference = D2B29A0F20DC7D4B00D42C4C /* AppStoreTests.xctest */;
			productType = "com.apple.product-type.bundle.unit-test";
		};
		D2B29A1920DC7D4B00D42C4C /* AppStoreUITests */ = {
			isa = PBXNativeTarget;
			buildConfigurationList = D2B29A2920DC7D4C00D42C4C /* Build configuration list for PBXNativeTarget "AppStoreUITests" */;
			buildPhases = (
				0861FE9A37E9347338A03143 /* [CP] Check Pods Manifest.lock */,
				D2B29A1620DC7D4B00D42C4C /* Sources */,
				D2B29A1720DC7D4B00D42C4C /* Frameworks */,
				D2B29A1820DC7D4B00D42C4C /* Resources */,
			);
			buildRules = (
			);
			dependencies = (
				D2B29A1C20DC7D4B00D42C4C /* PBXTargetDependency */,
			);
			name = AppStoreUITests;
			productName = AppStoreUITests;
			productReference = D2B29A1A20DC7D4B00D42C4C /* AppStoreUITests.xctest */;
			productType = "com.apple.product-type.bundle.ui-testing";
		};
/* End PBXNativeTarget section */

/* Begin PBXProject section */
		D2B299F320DC7D4A00D42C4C /* Project object */ = {
			isa = PBXProject;
			attributes = {
				LastSwiftUpdateCheck = 0940;
				LastUpgradeCheck = 0940;
				ORGANIZATIONNAME = Scott;
				TargetAttributes = {
					D2B299FA20DC7D4A00D42C4C = {
						CreatedOnToolsVersion = 9.4.1;
					};
					D2B29A0E20DC7D4B00D42C4C = {
						CreatedOnToolsVersion = 9.4.1;
						TestTargetID = D2B299FA20DC7D4A00D42C4C;
					};
					D2B29A1920DC7D4B00D42C4C = {
						CreatedOnToolsVersion = 9.4.1;
						TestTargetID = D2B299FA20DC7D4A00D42C4C;
					};
				};
			};
			buildConfigurationList = D2B299F620DC7D4A00D42C4C /* Build configuration list for PBXProject "AppStore" */;
			compatibilityVersion = "Xcode 9.3";
			developmentRegion = en;
			hasScannedForEncodings = 0;
			knownRegions = (
				en,
				Base,
			);
			mainGroup = D2B299F220DC7D4A00D42C4C;
			productRefGroup = D2B299FC20DC7D4A00D42C4C /* Products */;
			projectDirPath = "";
			projectRoot = "";
			targets = (
				D2B299FA20DC7D4A00D42C4C /* AppStore */,
				D2B29A0E20DC7D4B00D42C4C /* AppStoreTests */,
				D2B29A1920DC7D4B00D42C4C /* AppStoreUITests */,
			);
		};
/* End PBXProject section */

/* Begin PBXResourcesBuildPhase section */
		D2B299F920DC7D4A00D42C4C /* Resources */ = {
			isa = PBXResourcesBuildPhase;
			buildActionMask = 2147483647;
			files = (
				D2B29A0920DC7D4B00D42C4C /* LaunchScreen.storyboard in Resources */,
				D2B29A0620DC7D4B00D42C4C /* Assets.xcassets in Resources */,
				D2B29A0420DC7D4A00D42C4C /* Main.storyboard in Resources */,
			);
			runOnlyForDeploymentPostprocessing = 0;
		};
		D2B29A0D20DC7D4B00D42C4C /* Resources */ = {
			isa = PBXResourcesBuildPhase;
			buildActionMask = 2147483647;
			files = (
			);
			runOnlyForDeploymentPostprocessing = 0;
		};
		D2B29A1820DC7D4B00D42C4C /* Resources */ = {
			isa = PBXResourcesBuildPhase;
			buildActionMask = 2147483647;
			files = (
			);
			runOnlyForDeploymentPostprocessing = 0;
		};
/* End PBXResourcesBuildPhase section */

/* Begin PBXShellScriptBuildPhase section */
		0861FE9A37E9347338A03143 /* [CP] Check Pods Manifest.lock */ = {
			isa = PBXShellScriptBuildPhase;
			buildActionMask = 2147483647;
			files = (
			);
			inputPaths = (
				"${PODS_PODFILE_DIR_PATH}/Podfile.lock",
				"${PODS_ROOT}/Manifest.lock",
			);
			name = "[CP] Check Pods Manifest.lock";
			outputPaths = (
				"$(DERIVED_FILE_DIR)/Pods-AppStoreUITests-checkManifestLockResult.txt",
			);
			runOnlyForDeploymentPostprocessing = 0;
			shellPath = /bin/sh;
			shellScript = "diff \"${PODS_PODFILE_DIR_PATH}/Podfile.lock\" \"${PODS_ROOT}/Manifest.lock\" > /dev/null\nif [ $? != 0 ] ; then\n    # print error to STDERR\n    echo \"error: The sandbox is not in sync with the Podfile.lock. Run 'pod install' or update your CocoaPods installation.\" >&2\n    exit 1\nfi\n# This output is used by Xcode 'outputs' to avoid re-running this script phase.\necho \"SUCCESS\" > \"${SCRIPT_OUTPUT_FILE_0}\"\n";
			showEnvVarsInLog = 0;
		};
		19BAA33BF3856A90A301B74E /* [CP] Embed Pods Frameworks */ = {
			isa = PBXShellScriptBuildPhase;
			buildActionMask = 2147483647;
			files = (
			);
			inputPaths = (
				"${SRCROOT}/Pods/Target Support Files/Pods-AppStore/Pods-AppStore-frameworks.sh",
				"${BUILT_PRODUCTS_DIR}/Alamofire/Alamofire.framework",
				"${BUILT_PRODUCTS_DIR}/Cosmos/Cosmos.framework",
				"${BUILT_PRODUCTS_DIR}/RxCocoa/RxCocoa.framework",
				"${BUILT_PRODUCTS_DIR}/RxSwift/RxSwift.framework",
				"${BUILT_PRODUCTS_DIR}/SDWebImage/SDWebImage.framework",
			);
			name = "[CP] Embed Pods Frameworks";
			outputPaths = (
				"${TARGET_BUILD_DIR}/${FRAMEWORKS_FOLDER_PATH}/Alamofire.framework",
				"${TARGET_BUILD_DIR}/${FRAMEWORKS_FOLDER_PATH}/Cosmos.framework",
				"${TARGET_BUILD_DIR}/${FRAMEWORKS_FOLDER_PATH}/RxCocoa.framework",
				"${TARGET_BUILD_DIR}/${FRAMEWORKS_FOLDER_PATH}/RxSwift.framework",
				"${TARGET_BUILD_DIR}/${FRAMEWORKS_FOLDER_PATH}/SDWebImage.framework",
			);
			runOnlyForDeploymentPostprocessing = 0;
			shellPath = /bin/sh;
			shellScript = "\"${SRCROOT}/Pods/Target Support Files/Pods-AppStore/Pods-AppStore-frameworks.sh\"\n";
			showEnvVarsInLog = 0;
		};
		2308C0D898856CD1A0BF5591 /* [CP] Check Pods Manifest.lock */ = {
			isa = PBXShellScriptBuildPhase;
			buildActionMask = 2147483647;
			files = (
			);
			inputPaths = (
				"${PODS_PODFILE_DIR_PATH}/Podfile.lock",
				"${PODS_ROOT}/Manifest.lock",
			);
			name = "[CP] Check Pods Manifest.lock";
			outputPaths = (
				"$(DERIVED_FILE_DIR)/Pods-AppStoreTests-checkManifestLockResult.txt",
			);
			runOnlyForDeploymentPostprocessing = 0;
			shellPath = /bin/sh;
			shellScript = "diff \"${PODS_PODFILE_DIR_PATH}/Podfile.lock\" \"${PODS_ROOT}/Manifest.lock\" > /dev/null\nif [ $? != 0 ] ; then\n    # print error to STDERR\n    echo \"error: The sandbox is not in sync with the Podfile.lock. Run 'pod install' or update your CocoaPods installation.\" >&2\n    exit 1\nfi\n# This output is used by Xcode 'outputs' to avoid re-running this script phase.\necho \"SUCCESS\" > \"${SCRIPT_OUTPUT_FILE_0}\"\n";
			showEnvVarsInLog = 0;
		};
		47D2D2B5C3F97C8A0A9F0C3B /* [CP] Check Pods Manifest.lock */ = {
			isa = PBXShellScriptBuildPhase;
			buildActionMask = 2147483647;
			files = (
			);
			inputPaths = (
				"${PODS_PODFILE_DIR_PATH}/Podfile.lock",
				"${PODS_ROOT}/Manifest.lock",
			);
			name = "[CP] Check Pods Manifest.lock";
			outputPaths = (
				"$(DERIVED_FILE_DIR)/Pods-AppStore-checkManifestLockResult.txt",
			);
			runOnlyForDeploymentPostprocessing = 0;
			shellPath = /bin/sh;
			shellScript = "diff \"${PODS_PODFILE_DIR_PATH}/Podfile.lock\" \"${PODS_ROOT}/Manifest.lock\" > /dev/null\nif [ $? != 0 ] ; then\n    # print error to STDERR\n    echo \"error: The sandbox is not in sync with the Podfile.lock. Run 'pod install' or update your CocoaPods installation.\" >&2\n    exit 1\nfi\n# This output is used by Xcode 'outputs' to avoid re-running this script phase.\necho \"SUCCESS\" > \"${SCRIPT_OUTPUT_FILE_0}\"\n";
			showEnvVarsInLog = 0;
		};
/* End PBXShellScriptBuildPhase section */

/* Begin PBXSourcesBuildPhase section */
		D2B299F720DC7D4A00D42C4C /* Sources */ = {
			isa = PBXSourcesBuildPhase;
			buildActionMask = 2147483647;
			files = (
				D2B29A0120DC7D4A00D42C4C /* MainViewController.swift in Sources */,
				D2AB9A4E20DCB67600F8E497 /* MainTableViewCell.swift in Sources */,
				D2B299FF20DC7D4A00D42C4C /* AppDelegate.swift in Sources */,
				D2AB9A5020DCBAB500F8E497 /* AppDetailViewController.swift in Sources */,
				D25CAC1B20EDF8B200ED474C /* AppDetailDataModel.swift in Sources */,
				D2AB9A5220DCC01900F8E497 /* AppDataModel.swift in Sources */,
			);
			runOnlyForDeploymentPostprocessing = 0;
		};
		D2B29A0B20DC7D4B00D42C4C /* Sources */ = {
			isa = PBXSourcesBuildPhase;
			buildActionMask = 2147483647;
			files = (
				D2B29A1420DC7D4B00D42C4C /* AppStoreTests.swift in Sources */,
			);
			runOnlyForDeploymentPostprocessing = 0;
		};
		D2B29A1620DC7D4B00D42C4C /* Sources */ = {
			isa = PBXSourcesBuildPhase;
			buildActionMask = 2147483647;
			files = (
				D2B29A1F20DC7D4C00D42C4C /* AppStoreUITests.swift in Sources */,
			);
			runOnlyForDeploymentPostprocessing = 0;
		};
/* End PBXSourcesBuildPhase section */

/* Begin PBXTargetDependency section */
		D2B29A1120DC7D4B00D42C4C /* PBXTargetDependency */ = {
			isa = PBXTargetDependency;
			target = D2B299FA20DC7D4A00D42C4C /* AppStore */;
			targetProxy = D2B29A1020DC7D4B00D42C4C /* PBXContainerItemProxy */;
		};
		D2B29A1C20DC7D4B00D42C4C /* PBXTargetDependency */ = {
			isa = PBXTargetDependency;
			target = D2B299FA20DC7D4A00D42C4C /* AppStore */;
			targetProxy = D2B29A1B20DC7D4B00D42C4C /* PBXContainerItemProxy */;
		};
/* End PBXTargetDependency section */

/* Begin PBXVariantGroup section */
		D2B29A0220DC7D4A00D42C4C /* Main.storyboard */ = {
			isa = PBXVariantGroup;
			children = (
				D2B29A0320DC7D4A00D42C4C /* Base */,
			);
			name = Main.storyboard;
			sourceTree = "<group>";
		};
		D2B29A0720DC7D4B00D42C4C /* LaunchScreen.storyboard */ = {
			isa = PBXVariantGroup;
			children = (
				D2B29A0820DC7D4B00D42C4C /* Base */,
			);
			name = LaunchScreen.storyboard;
			sourceTree = "<group>";
		};
/* End PBXVariantGroup section */

/* Begin XCBuildConfiguration section */
		D2B29A2120DC7D4C00D42C4C /* Debug */ = {
			isa = XCBuildConfiguration;
			buildSettings = {
				ALWAYS_SEARCH_USER_PATHS = NO;
				CLANG_ANALYZER_NONNULL = YES;
				CLANG_ANALYZER_NUMBER_OBJECT_CONVERSION = YES_AGGRESSIVE;
				CLANG_CXX_LANGUAGE_STANDARD = "gnu++14";
				CLANG_CXX_LIBRARY = "libc++";
				CLANG_ENABLE_MODULES = YES;
				CLANG_ENABLE_OBJC_ARC = YES;
				CLANG_ENABLE_OBJC_WEAK = YES;
				CLANG_WARN_BLOCK_CAPTURE_AUTORELEASING = YES;
				CLANG_WARN_BOOL_CONVERSION = YES;
				CLANG_WARN_COMMA = YES;
				CLANG_WARN_CONSTANT_CONVERSION = YES;
				CLANG_WARN_DEPRECATED_OBJC_IMPLEMENTATIONS = YES;
				CLANG_WARN_DIRECT_OBJC_ISA_USAGE = YES_ERROR;
				CLANG_WARN_DOCUMENTATION_COMMENTS = YES;
				CLANG_WARN_EMPTY_BODY = YES;
				CLANG_WARN_ENUM_CONVERSION = YES;
				CLANG_WARN_INFINITE_RECURSION = YES;
				CLANG_WARN_INT_CONVERSION = YES;
				CLANG_WARN_NON_LITERAL_NULL_CONVERSION = YES;
				CLANG_WARN_OBJC_IMPLICIT_RETAIN_SELF = YES;
				CLANG_WARN_OBJC_LITERAL_CONVERSION = YES;
				CLANG_WARN_OBJC_ROOT_CLASS = YES_ERROR;
				CLANG_WARN_RANGE_LOOP_ANALYSIS = YES;
				CLANG_WARN_STRICT_PROTOTYPES = YES;
				CLANG_WARN_SUSPICIOUS_MOVE = YES;
				CLANG_WARN_UNGUARDED_AVAILABILITY = YES_AGGRESSIVE;
				CLANG_WARN_UNREACHABLE_CODE = YES;
				CLANG_WARN__DUPLICATE_METHOD_MATCH = YES;
				CODE_SIGN_IDENTITY = "iPhone Developer";
				COPY_PHASE_STRIP = NO;
				DEBUG_INFORMATION_FORMAT = dwarf;
				ENABLE_STRICT_OBJC_MSGSEND = YES;
				ENABLE_TESTABILITY = YES;
				GCC_C_LANGUAGE_STANDARD = gnu11;
				GCC_DYNAMIC_NO_PIC = NO;
				GCC_NO_COMMON_BLOCKS = YES;
				GCC_OPTIMIZATION_LEVEL = 0;
				GCC_PREPROCESSOR_DEFINITIONS = (
					"DEBUG=1",
					"$(inherited)",
				);
				GCC_WARN_64_TO_32_BIT_CONVERSION = YES;
				GCC_WARN_ABOUT_RETURN_TYPE = YES_ERROR;
				GCC_WARN_UNDECLARED_SELECTOR = YES;
				GCC_WARN_UNINITIALIZED_AUTOS = YES_AGGRESSIVE;
				GCC_WARN_UNUSED_FUNCTION = YES;
				GCC_WARN_UNUSED_VARIABLE = YES;
				IPHONEOS_DEPLOYMENT_TARGET = 11.4;
				MTL_ENABLE_DEBUG_INFO = YES;
				ONLY_ACTIVE_ARCH = YES;
				SDKROOT = iphoneos;
				SWIFT_ACTIVE_COMPILATION_CONDITIONS = DEBUG;
				SWIFT_OPTIMIZATION_LEVEL = "-Onone";
			};
			name = Debug;
		};
		D2B29A2220DC7D4C00D42C4C /* Release */ = {
			isa = XCBuildConfiguration;
			buildSettings = {
				ALWAYS_SEARCH_USER_PATHS = NO;
				CLANG_ANALYZER_NONNULL = YES;
				CLANG_ANALYZER_NUMBER_OBJECT_CONVERSION = YES_AGGRESSIVE;
				CLANG_CXX_LANGUAGE_STANDARD = "gnu++14";
				CLANG_CXX_LIBRARY = "libc++";
				CLANG_ENABLE_MODULES = YES;
				CLANG_ENABLE_OBJC_ARC = YES;
				CLANG_ENABLE_OBJC_WEAK = YES;
				CLANG_WARN_BLOCK_CAPTURE_AUTORELEASING = YES;
				CLANG_WARN_BOOL_CONVERSION = YES;
				CLANG_WARN_COMMA = YES;
				CLANG_WARN_CONSTANT_CONVERSION = YES;
				CLANG_WARN_DEPRECATED_OBJC_IMPLEMENTATIONS = YES;
				CLANG_WARN_DIRECT_OBJC_ISA_USAGE = YES_ERROR;
				CLANG_WARN_DOCUMENTATION_COMMENTS = YES;
				CLANG_WARN_EMPTY_BODY = YES;
				CLANG_WARN_ENUM_CONVERSION = YES;
				CLANG_WARN_INFINITE_RECURSION = YES;
				CLANG_WARN_INT_CONVERSION = YES;
				CLANG_WARN_NON_LITERAL_NULL_CONVERSION = YES;
				CLANG_WARN_OBJC_IMPLICIT_RETAIN_SELF = YES;
				CLANG_WARN_OBJC_LITERAL_CONVERSION = YES;
				CLANG_WARN_OBJC_ROOT_CLASS = YES_ERROR;
				CLANG_WARN_RANGE_LOOP_ANALYSIS = YES;
				CLANG_WARN_STRICT_PROTOTYPES = YES;
				CLANG_WARN_SUSPICIOUS_MOVE = YES;
				CLANG_WARN_UNGUARDED_AVAILABILITY = YES_AGGRESSIVE;
				CLANG_WARN_UNREACHABLE_CODE = YES;
				CLANG_WARN__DUPLICATE_METHOD_MATCH = YES;
				CODE_SIGN_IDENTITY = "iPhone Developer";
				COPY_PHASE_STRIP = NO;
				DEBUG_INFORMATION_FORMAT = "dwarf-with-dsym";
				ENABLE_NS_ASSERTIONS = NO;
				ENABLE_STRICT_OBJC_MSGSEND = YES;
				GCC_C_LANGUAGE_STANDARD = gnu11;
				GCC_NO_COMMON_BLOCKS = YES;
				GCC_WARN_64_TO_32_BIT_CONVERSION = YES;
				GCC_WARN_ABOUT_RETURN_TYPE = YES_ERROR;
				GCC_WARN_UNDECLARED_SELECTOR = YES;
				GCC_WARN_UNINITIALIZED_AUTOS = YES_AGGRESSIVE;
				GCC_WARN_UNUSED_FUNCTION = YES;
				GCC_WARN_UNUSED_VARIABLE = YES;
				IPHONEOS_DEPLOYMENT_TARGET = 11.4;
				MTL_ENABLE_DEBUG_INFO = NO;
				SDKROOT = iphoneos;
				SWIFT_COMPILATION_MODE = wholemodule;
				SWIFT_OPTIMIZATION_LEVEL = "-O";
				VALIDATE_PRODUCT = YES;
			};
			name = Release;
		};
		D2B29A2420DC7D4C00D42C4C /* Debug */ = {
			isa = XCBuildConfiguration;
			baseConfigurationReference = 7A5A5083C1981941FA84401C /* Pods-AppStore.debug.xcconfig */;
			buildSettings = {
				ASSETCATALOG_COMPILER_APPICON_NAME = AppIcon;
				CODE_SIGN_STYLE = Automatic;
				DEVELOPMENT_TEAM = K3A468BXVA;
				INFOPLIST_FILE = AppStore/Info.plist;
				LD_RUNPATH_SEARCH_PATHS = "$(inherited) @executable_path/Frameworks";
				PRODUCT_BUNDLE_IDENTIFIER = net.azsha.AppStore;
				PRODUCT_NAME = "$(TARGET_NAME)";
				SWIFT_VERSION = 4.0;
				TARGETED_DEVICE_FAMILY = "1,2";
			};
			name = Debug;
		};
		D2B29A2520DC7D4C00D42C4C /* Release */ = {
			isa = XCBuildConfiguration;
			baseConfigurationReference = 2C6B55762F5DB61685F0C825 /* Pods-AppStore.release.xcconfig */;
			buildSettings = {
				ASSETCATALOG_COMPILER_APPICON_NAME = AppIcon;
				CODE_SIGN_STYLE = Automatic;
				DEVELOPMENT_TEAM = K3A468BXVA;
				INFOPLIST_FILE = AppStore/Info.plist;
				LD_RUNPATH_SEARCH_PATHS = "$(inherited) @executable_path/Frameworks";
				PRODUCT_BUNDLE_IDENTIFIER = net.azsha.AppStore;
				PRODUCT_NAME = "$(TARGET_NAME)";
				SWIFT_VERSION = 4.0;
				TARGETED_DEVICE_FAMILY = "1,2";
			};
			name = Release;
		};
		D2B29A2720DC7D4C00D42C4C /* Debug */ = {
			isa = XCBuildConfiguration;
			baseConfigurationReference = 5DA31EB0B36751BAC13F6689 /* Pods-AppStoreTests.debug.xcconfig */;
			buildSettings = {
				ALWAYS_EMBED_SWIFT_STANDARD_LIBRARIES = YES;
				BUNDLE_LOADER = "$(TEST_HOST)";
				CODE_SIGN_STYLE = Automatic;
				DEVELOPMENT_TEAM = K3A468BXVA;
				INFOPLIST_FILE = AppStoreTests/Info.plist;
				LD_RUNPATH_SEARCH_PATHS = "$(inherited) @executable_path/Frameworks @loader_path/Frameworks";
				PRODUCT_BUNDLE_IDENTIFIER = net.azsha.AppStoreTests;
				PRODUCT_NAME = "$(TARGET_NAME)";
				SWIFT_VERSION = 4.0;
				TARGETED_DEVICE_FAMILY = "1,2";
				TEST_HOST = "$(BUILT_PRODUCTS_DIR)/AppStore.app/AppStore";
			};
			name = Debug;
		};
		D2B29A2820DC7D4C00D42C4C /* Release */ = {
			isa = XCBuildConfiguration;
			baseConfigurationReference = 80087975D1C3D9A6E79CEE56 /* Pods-AppStoreTests.release.xcconfig */;
			buildSettings = {
				ALWAYS_EMBED_SWIFT_STANDARD_LIBRARIES = YES;
				BUNDLE_LOADER = "$(TEST_HOST)";
				CODE_SIGN_STYLE = Automatic;
				DEVELOPMENT_TEAM = K3A468BXVA;
				INFOPLIST_FILE = AppStoreTests/Info.plist;
				LD_RUNPATH_SEARCH_PATHS = "$(inherited) @executable_path/Frameworks @loader_path/Frameworks";
				PRODUCT_BUNDLE_IDENTIFIER = net.azsha.AppStoreTests;
				PRODUCT_NAME = "$(TARGET_NAME)";
				SWIFT_VERSION = 4.0;
				TARGETED_DEVICE_FAMILY = "1,2";
				TEST_HOST = "$(BUILT_PRODUCTS_DIR)/AppStore.app/AppStore";
			};
			name = Release;
		};
		D2B29A2A20DC7D4C00D42C4C /* Debug */ = {
			isa = XCBuildConfiguration;
			baseConfigurationReference = 4032AC52A5011A1D4BA97526 /* Pods-AppStoreUITests.debug.xcconfig */;
			buildSettings = {
				ALWAYS_EMBED_SWIFT_STANDARD_LIBRARIES = YES;
				CODE_SIGN_STYLE = Automatic;
				DEVELOPMENT_TEAM = K3A468BXVA;
				INFOPLIST_FILE = AppStoreUITests/Info.plist;
				LD_RUNPATH_SEARCH_PATHS = "$(inherited) @executable_path/Frameworks @loader_path/Frameworks";
				PRODUCT_BUNDLE_IDENTIFIER = net.azsha.AppStoreUITests;
				PRODUCT_NAME = "$(TARGET_NAME)";
				SWIFT_VERSION = 4.0;
				TARGETED_DEVICE_FAMILY = "1,2";
				TEST_TARGET_NAME = AppStore;
			};
			name = Debug;
		};
		D2B29A2B20DC7D4C00D42C4C /* Release */ = {
			isa = XCBuildConfiguration;
			baseConfigurationReference = 7C50B735EA1D17EEEFCC4DF8 /* Pods-AppStoreUITests.release.xcconfig */;
			buildSettings = {
				ALWAYS_EMBED_SWIFT_STANDARD_LIBRARIES = YES;
				CODE_SIGN_STYLE = Automatic;
				DEVELOPMENT_TEAM = K3A468BXVA;
				INFOPLIST_FILE = AppStoreUITests/Info.plist;
				LD_RUNPATH_SEARCH_PATHS = "$(inherited) @executable_path/Frameworks @loader_path/Frameworks";
				PRODUCT_BUNDLE_IDENTIFIER = net.azsha.AppStoreUITests;
				PRODUCT_NAME = "$(TARGET_NAME)";
				SWIFT_VERSION = 4.0;
				TARGETED_DEVICE_FAMILY = "1,2";
				TEST_TARGET_NAME = AppStore;
			};
			name = Release;
		};
/* End XCBuildConfiguration section */

/* Begin XCConfigurationList section */
		D2B299F620DC7D4A00D42C4C /* Build configuration list for PBXProject "AppStore" */ = {
			isa = XCConfigurationList;
			buildConfigurations = (
				D2B29A2120DC7D4C00D42C4C /* Debug */,
				D2B29A2220DC7D4C00D42C4C /* Release */,
			);
			defaultConfigurationIsVisible = 0;
			defaultConfigurationName = Release;
		};
		D2B29A2320DC7D4C00D42C4C /* Build configuration list for PBXNativeTarget "AppStore" */ = {
			isa = XCConfigurationList;
			buildConfigurations = (
				D2B29A2420DC7D4C00D42C4C /* Debug */,
				D2B29A2520DC7D4C00D42C4C /* Release */,
			);
			defaultConfigurationIsVisible = 0;
			defaultConfigurationName = Release;
		};
		D2B29A2620DC7D4C00D42C4C /* Build configuration list for PBXNativeTarget "AppStoreTests" */ = {
			isa = XCConfigurationList;
			buildConfigurations = (
				D2B29A2720DC7D4C00D42C4C /* Debug */,
				D2B29A2820DC7D4C00D42C4C /* Release */,
			);
			defaultConfigurationIsVisible = 0;
			defaultConfigurationName = Release;
		};
		D2B29A2920DC7D4C00D42C4C /* Build configuration list for PBXNativeTarget "AppStoreUITests" */ = {
			isa = XCConfigurationList;
			buildConfigurations = (
				D2B29A2A20DC7D4C00D42C4C /* Debug */,
				D2B29A2B20DC7D4C00D42C4C /* Release */,
			);
			defaultConfigurationIsVisible = 0;
			defaultConfigurationName = Release;
		};
/* End XCConfigurationList section */
	};
	rootObject = D2B299F320DC7D4A00D42C4C /* Project object */;
}
