// !$*UTF8*$!
{
	archiveVersion = 1;
	classes = {
	};
	objectVersion = 50;
	objects = {

/* Begin PBXBuildFile section */
		D2B299FF20DC7D4A00D42C4C /* AppDelegate.swift in Sources */ = {isa = PBXBuildFile; fileRef = D2B299FE20DC7D4A00D42C4C /* AppDelegate.swift */; };
		D2B29A0120DC7D4A00D42C4C /* ViewController.swift in Sources */ = {isa = PBXBuildFile; fileRef = D2B29A0020DC7D4A00D42C4C /* ViewController.swift */; };
		D2B29A0420DC7D4A00D42C4C /* Main.storyboard in Resources */ = {isa = PBXBuildFile; fileRef = D2B29A0220DC7D4A00D42C4C /* Main.storyboard */; };
		D2B29A0620DC7D4B00D42C4C /* Assets.xcassets in Resources */ = {isa = PBXBuildFile; fileRef = D2B29A0520DC7D4B00D42C4C /* Assets.xcassets */; };
		D2B29A0920DC7D4B00D42C4C /* LaunchScreen.storyboard in Resources */ = {isa = PBXBuildFile; fileRef = D2B29A0720DC7D4B00D42C4C /* LaunchScreen.storyboard */; };
		D2B29A1420DC7D4B00D42C4C /* AppStoreTests.swift in Sources */ = {isa = PBXBuildFile; fileRef = D2B29A1320DC7D4B00D42C4C /* AppStoreTests.swift */; };
		D2B29A1F20DC7D4C00D42C4C /* AppStoreUITests.swift in Sources */ = {isa = PBXBuildFile; fileRef = D2B29A1E20DC7D4C00D42C4C /* AppStoreUITests.swift */; };
/* End PBXBuildFile section */

/* Begin PBXContainerItemProxy section */
		D2B29A1020DC7D4B00D42C4C /* PBXContainerItemProxy */ = {
			isa = PBXContainerItemProxy;
			containerPortal = D2B299F320DC7D4A00D42C4C /* Project object */;
			proxyType = 1;
			remoteGlobalIDString = D2B299FA20DC7D4A00D42C4C;
			remoteInfo = AppStore;
		};
		D2B29A1B20DC7D4B00D42C4C /* PBXContainerItemProxy */ = {
			isa = PBXContainerItemProxy;
			containerPortal = D2B299F320DC7D4A00D42C4C /* Project object */;
			proxyType = 1;
			remoteGlobalIDString = D2B299FA20DC7D4A00D42C4C;
			remoteInfo = AppStore;
		};
/* End PBXContainerItemProxy section */

/* Begin PBXFileReference section */
		D2B299FB20DC7D4A00D42C4C /* AppStore.app */ = {isa = PBXFileReference; explicitFileType = wrapper.application; includeInIndex = 0; path = AppStore.app; sourceTree = BUILT_PRODUCTS_DIR; };
		D2B299FE20DC7D4A00D42C4C /* AppDelegate.swift */ = {isa = PBXFileReference; lastKnownFileType = sourcecode.swift; path = AppDelegate.swift; sourceTree = "<group>"; };
		D2B29A0020DC7D4A00D42C4C /* ViewController.swift */ = {isa = PBXFileReference; lastKnownFileType = sourcecode.swift; path = ViewController.swift; sourceTree = "<group>"; };
		D2B29A0320DC7D4A00D42C4C /* Base */ = {isa = PBXFileReference; lastKnownFileType = file.storyboard; name = Base; path = Base.lproj/Main.storyboard; sourceTree = "<group>"; };
		D2B29A0520DC7D4B00D42C4C /* Assets.xcassets */ = {isa = PBXFileReference; lastKnownFileType = folder.assetcatalog; path = Assets.xcassets; sourceTree = "<group>"; };
		D2B29A0820DC7D4B00D42C4C /* Base */ = {isa = PBXFileReference; lastKnownFileType = file.storyboard; name = Base; path = Base.lproj/LaunchScreen.storyboard; sourceTree = "<group>"; };
		D2B29A0A20DC7D4B00D42C4C /* Info.plist */ = {isa = PBXFileReference; lastKnownFileType = text.plist.xml; path = Info.plist; sourceTree = "<group>"; };
		D2B29A0F20DC7D4B00D42C4C /* AppStoreTests.xctest */ = {isa = PBXFileReference; explicitFileType = wrapper.cfbundle; includeInIndex = 0; path = AppStoreTests.xctest; sourceTree = BUILT_PRODUCTS_DIR; };
		D2B29A1320DC7D4B00D42C4C /* AppStoreTests.swift */ = {isa = PBXFileReference; lastKnownFileType = sourcecode.swift; path = AppStoreTests.swift; sourceTree = "<group>"; };
		D2B29A1520DC7D4B00D42C4C /* Info.plist */ = {isa = PBXFileReference; lastKnownFileType = text.plist.xml; path = Info.plist; sourceTree = "<group>"; };
		D2B29A1A20DC7D4B00D42C4C /* AppStoreUITests.xctest */ = {isa = PBXFileReference; explicitFileType = wrapper.cfbundle; includeInIndex = 0; path = AppStoreUITests.xctest; sourceTree = BUILT_PRODUCTS_DIR; };
		D2B29A1E20DC7D4C00D42C4C /* AppStoreUITests.swift */ = {isa = PBXFileReference; lastKnownFileType = sourcecode.swift; path = AppStoreUITests.swift; sourceTree = "<group>"; };
		D2B29A2020DC7D4C00D42C4C /* Info.plist */ = {isa = PBXFileReference; lastKnownFileType = text.plist.xml; path = Info.plist; sourceTree = "<group>"; };
/* End PBXFileReference section */

/* Begin PBXFrameworksBuildPhase section */
		D2B299F820DC7D4A00D42C4C /* Frameworks */ = {
			isa = PBXFrameworksBuildPhase;
			buildActionMask = 2147483647;
			files = (
			);
			runOnlyForDeploymentPostprocessing = 0;
		};
		D2B29A0C20DC7D4B00D42C4C /* Frameworks */ = {
			isa = PBXFrameworksBuildPhase;
			buildActionMask = 2147483647;
			files = (
			);
			runOnlyForDeploymentPostprocessing = 0;
		};
		D2B29A1720DC7D4B00D42C4C /* Frameworks */ = {
			isa = PBXFrameworksBuildPhase;
			buildActionMask = 2147483647;
			files = (
			);
			runOnlyForDeploymentPostprocessing = 0;
		};
/* End PBXFrameworksBuildPhase section */

/* Begin PBXGroup section */
		D2B299F220DC7D4A00D42C4C = {
			isa = PBXGroup;
			children = (
				D2B299FD20DC7D4A00D42C4C /* AppStore */,
				D2B29A1220DC7D4B00D42C4C /* AppStoreTests */,
				D2B29A1D20DC7D4C00D42C4C /* AppStoreUITests */,
				D2B299FC20DC7D4A00D42C4C /* Products */,
			);
			sourceTree = "<group>";
		};
		D2B299FC20DC7D4A00D42C4C /* Products */ = {
			isa = PBXGroup;
			children = (
				D2B299FB20DC7D4A00D42C4C /* AppStore.app */,
				D2B29A0F20DC7D4B00D42C4C /* AppStoreTests.xctest */,
				D2B29A1A20DC7D4B00D42C4C /* AppStoreUITests.xctest */,
			);
			name = Products;
			sourceTree = "<group>";
		};
		D2B299FD20DC7D4A00D42C4C /* AppStore */ = {
			isa = PBXGroup;
			children = (
				D2B299FE20DC7D4A00D42C4C /* AppDelegate.swift */,
				D2B29A0020DC7D4A00D42C4C /* ViewController.swift */,
				D2B29A0220DC7D4A00D42C4C /* Main.storyboard */,
				D2B29A0520DC7D4B00D42C4C /* Assets.xcassets */,
				D2B29A0720DC7D4B00D42C4C /* LaunchScreen.storyboard */,
				D2B29A0A20DC7D4B00D42C4C /* Info.plist */,
			);
			path = AppStore;
			sourceTree = "<group>";
		};
		D2B29A1220DC7D4B00D42C4C /* AppStoreTests */ = {
			isa = PBXGroup;
			children = (
				D2B29A1320DC7D4B00D42C4C /* AppStoreTests.swift */,
				D2B29A1520DC7D4B00D42C4C /* Info.plist */,
			);
			path = AppStoreTests;
			sourceTree = "<group>";
		};
		D2B29A1D20DC7D4C00D42C4C /* AppStoreUITests */ = {
			isa = PBXGroup;
			children = (
				D2B29A1E20DC7D4C00D42C4C /* AppStoreUITests.swift */,
				D2B29A2020DC7D4C00D42C4C /* Info.plist */,
			);
			path = AppStoreUITests;
			sourceTree = "<group>";
		};
/* End PBXGroup section */

/* Begin PBXNativeTarget section */
		D2B299FA20DC7D4A00D42C4C /* AppStore */ = {
			isa = PBXNativeTarget;
			buildConfigurationList = D2B29A2320DC7D4C00D42C4C /* Build configuration list for PBXNativeTarget "AppStore" */;
			buildPhases = (
				D2B299F720DC7D4A00D42C4C /* Sources */,
				D2B299F820DC7D4A00D42C4C /* Frameworks */,
				D2B299F920DC7D4A00D42C4C /* Resources */,
			);
			buildRules = (
			);
			dependencies = (
			);
			name = AppStore;
			productName = AppStore;
			productReference = D2B299FB20DC7D4A00D42C4C /* AppStore.app */;
			productType = "com.apple.product-type.application";
		};
		D2B29A0E20DC7D4B00D42C4C /* AppStoreTests */ = {
			isa = PBXNativeTarget;
			buildConfigurationList = D2B29A2620DC7D4C00D42C4C /* Build configuration list for PBXNativeTarget "AppStoreTests" */;
			buildPhases = (
				D2B29A0B20DC7D4B00D42C4C /* Sources */,
				D2B29A0C20DC7D4B00D42C4C /* Frameworks */,
				D2B29A0D20DC7D4B00D42C4C /* Resources */,
			);
			buildRules = (
			);
			dependencies = (
				D2B29A1120DC7D4B00D42C4C /* PBXTargetDependency */,
			);
			name = AppStoreTests;
			productName = AppStoreTests;
			productReference = D2B29A0F20DC7D4B00D42C4C /* AppStoreTests.xctest */;
			productType = "com.apple.product-type.bundle.unit-test";
		};
		D2B29A1920DC7D4B00D42C4C /* AppStoreUITests */ = {
			isa = PBXNativeTarget;
			buildConfigurationList = D2B29A2920DC7D4C00D42C4C /* Build configuration list for PBXNativeTarget "AppStoreUITests" */;
			buildPhases = (
				D2B29A1620DC7D4B00D42C4C /* Sources */,
				D2B29A1720DC7D4B00D42C4C /* Frameworks */,
				D2B29A1820DC7D4B00D42C4C /* Resources */,
			);
			buildRules = (
			);
			dependencies = (
				D2B29A1C20DC7D4B00D42C4C /* PBXTargetDependency */,
			);
			name = AppStoreUITests;
			productName = AppStoreUITests;
			productReference = D2B29A1A20DC7D4B00D42C4C /* AppStoreUITests.xctest */;
			productType = "com.apple.product-type.bundle.ui-testing";
		};
/* End PBXNativeTarget section */

/* Begin PBXProject section */
		D2B299F320DC7D4A00D42C4C /* Project object */ = {
			isa = PBXProject;
			attributes = {
				LastSwiftUpdateCheck = 0940;
				LastUpgradeCheck = 0940;
				ORGANIZATIONNAME = Scott;
				TargetAttributes = {
					D2B299FA20DC7D4A00D42C4C = {
						CreatedOnToolsVersion = 9.4.1;
					};
					D2B29A0E20DC7D4B00D42C4C = {
						CreatedOnToolsVersion = 9.4.1;
						TestTargetID = D2B299FA20DC7D4A00D42C4C;
					};
					D2B29A1920DC7D4B00D42C4C = {
						CreatedOnToolsVersion = 9.4.1;
						TestTargetID = D2B299FA20DC7D4A00D42C4C;
					};
				};
			};
			buildConfigurationList = D2B299F620DC7D4A00D42C4C /* Build configuration list for PBXProject "AppStore" */;
			compatibilityVersion = "Xcode 9.3";
			developmentRegion = en;
			hasScannedForEncodings = 0;
			knownRegions = (
				en,
				Base,
			);
			mainGroup = D2B299F220DC7D4A00D42C4C;
			productRefGroup = D2B299FC20DC7D4A00D42C4C /* Products */;
			projectDirPath = "";
			projectRoot = "";
			targets = (
				D2B299FA20DC7D4A00D42C4C /* AppStore */,
				D2B29A0E20DC7D4B00D42C4C /* AppStoreTests */,
				D2B29A1920DC7D4B00D42C4C /* AppStoreUITests */,
			);
		};
/* End PBXProject section */

/* Begin PBXResourcesBuildPhase section */
		D2B299F920DC7D4A00D42C4C /* Resources */ = {
			isa = PBXResourcesBuildPhase;
			buildActionMask = 2147483647;
			files = (
				D2B29A0920DC7D4B00D42C4C /* LaunchScreen.storyboard in Resources */,
				D2B29A0620DC7D4B00D42C4C /* Assets.xcassets in Resources */,
				D2B29A0420DC7D4A00D42C4C /* Main.storyboard in Resources */,
			);
			runOnlyForDeploymentPostprocessing = 0;
		};
		D2B29A0D20DC7D4B00D42C4C /* Resources */ = {
			isa = PBXResourcesBuildPhase;
			buildActionMask = 2147483647;
			files = (
			);
			runOnlyForDeploymentPostprocessing = 0;
		};
		D2B29A1820DC7D4B00D42C4C /* Resources */ = {
			isa = PBXResourcesBuildPhase;
			buildActionMask = 2147483647;
			files = (
			);
			runOnlyForDeploymentPostprocessing = 0;
		};
/* End PBXResourcesBuildPhase section */

/* Begin PBXSourcesBuildPhase section */
		D2B299F720DC7D4A00D42C4C /* Sources */ = {
			isa = PBXSourcesBuildPhase;
			buildActionMask = 2147483647;
			files = (
				D2B29A0120DC7D4A00D42C4C /* ViewController.swift in Sources */,
				D2B299FF20DC7D4A00D42C4C /* AppDelegate.swift in Sources */,
			);
			runOnlyForDeploymentPostprocessing = 0;
		};
		D2B29A0B20DC7D4B00D42C4C /* Sources */ = {
			isa = PBXSourcesBuildPhase;
			buildActionMask = 2147483647;
			files = (
				D2B29A1420DC7D4B00D42C4C /* AppStoreTests.swift in Sources */,
			);
			runOnlyForDeploymentPostprocessing = 0;
		};
		D2B29A1620DC7D4B00D42C4C /* Sources */ = {
			isa = PBXSourcesBuildPhase;
			buildActionMask = 2147483647;
			files = (
				D2B29A1F20DC7D4C00D42C4C /* AppStoreUITests.swift in Sources */,
			);
			runOnlyForDeploymentPostprocessing = 0;
		};
/* End PBXSourcesBuildPhase section */

/* Begin PBXTargetDependency section */
		D2B29A1120DC7D4B00D42C4C /* PBXTargetDependency */ = {
			isa = PBXTargetDependency;
			target = D2B299FA20DC7D4A00D42C4C /* AppStore */;
			targetProxy = D2B29A1020DC7D4B00D42C4C /* PBXContainerItemProxy */;
		};
		D2B29A1C20DC7D4B00D42C4C /* PBXTargetDependency */ = {
			isa = PBXTargetDependency;
			target = D2B299FA20DC7D4A00D42C4C /* AppStore */;
			targetProxy = D2B29A1B20DC7D4B00D42C4C /* PBXContainerItemProxy */;
		};
/* End PBXTargetDependency section */

/* Begin PBXVariantGroup section */
		D2B29A0220DC7D4A00D42C4C /* Main.storyboard */ = {
			isa = PBXVariantGroup;
			children = (
				D2B29A0320DC7D4A00D42C4C /* Base */,
			);
			name = Main.storyboard;
			sourceTree = "<group>";
		};
		D2B29A0720DC7D4B00D42C4C /* LaunchScreen.storyboard */ = {
			isa = PBXVariantGroup;
			children = (
				D2B29A0820DC7D4B00D42C4C /* Base */,
			);
			name = LaunchScreen.storyboard;
			sourceTree = "<group>";
		};
/* End PBXVariantGroup section */

/* Begin XCBuildConfiguration section */
		D2B29A2120DC7D4C00D42C4C /* Debug */ = {
			isa = XCBuildConfiguration;
			buildSettings = {
				ALWAYS_SEARCH_USER_PATHS = NO;
				CLANG_ANALYZER_NONNULL = YES;
				CLANG_ANALYZER_NUMBER_OBJECT_CONVERSION = YES_AGGRESSIVE;
				CLANG_CXX_LANGUAGE_STANDARD = "gnu++14";
				CLANG_CXX_LIBRARY = "libc++";
				CLANG_ENABLE_MODULES = YES;
				CLANG_ENABLE_OBJC_ARC = YES;
				CLANG_ENABLE_OBJC_WEAK = YES;
				CLANG_WARN_BLOCK_CAPTURE_AUTORELEASING = YES;
				CLANG_WARN_BOOL_CONVERSION = YES;
				CLANG_WARN_COMMA = YES;
				CLANG_WARN_CONSTANT_CONVERSION = YES;
				CLANG_WARN_DEPRECATED_OBJC_IMPLEMENTATIONS = YES;
				CLANG_WARN_DIRECT_OBJC_ISA_USAGE = YES_ERROR;
				CLANG_WARN_DOCUMENTATION_COMMENTS = YES;
				CLANG_WARN_EMPTY_BODY = YES;
				CLANG_WARN_ENUM_CONVERSION = YES;
				CLANG_WARN_INFINITE_RECURSION = YES;
				CLANG_WARN_INT_CONVERSION = YES;
				CLANG_WARN_NON_LITERAL_NULL_CONVERSION = YES;
				CLANG_WARN_OBJC_IMPLICIT_RETAIN_SELF = YES;
				CLANG_WARN_OBJC_LITERAL_CONVERSION = YES;
				CLANG_WARN_OBJC_ROOT_CLASS = YES_ERROR;
				CLANG_WARN_RANGE_LOOP_ANALYSIS = YES;
				CLANG_WARN_STRICT_PROTOTYPES = YES;
				CLANG_WARN_SUSPICIOUS_MOVE = YES;
				CLANG_WARN_UNGUARDED_AVAILABILITY = YES_AGGRESSIVE;
				CLANG_WARN_UNREACHABLE_CODE = YES;
				CLANG_WARN__DUPLICATE_METHOD_MATCH = YES;
				CODE_SIGN_IDENTITY = "iPhone Developer";
				COPY_PHASE_STRIP = NO;
				DEBUG_INFORMATION_FORMAT = dwarf;
				ENABLE_STRICT_OBJC_MSGSEND = YES;
				ENABLE_TESTABILITY = YES;
				GCC_C_LANGUAGE_STANDARD = gnu11;
				GCC_DYNAMIC_NO_PIC = NO;
				GCC_NO_COMMON_BLOCKS = YES;
				GCC_OPTIMIZATION_LEVEL = 0;
				GCC_PREPROCESSOR_DEFINITIONS = (
					"DEBUG=1",
					"$(inherited)",
				);
				GCC_WARN_64_TO_32_BIT_CONVERSION = YES;
				GCC_WARN_ABOUT_RETURN_TYPE = YES_ERROR;
				GCC_WARN_UNDECLARED_SELECTOR = YES;
				GCC_WARN_UNINITIALIZED_AUTOS = YES_AGGRESSIVE;
				GCC_WARN_UNUSED_FUNCTION = YES;
				GCC_WARN_UNUSED_VARIABLE = YES;
				IPHONEOS_DEPLOYMENT_TARGET = 11.4;
				MTL_ENABLE_DEBUG_INFO = YES;
				ONLY_ACTIVE_ARCH = YES;
				SDKROOT = iphoneos;
				SWIFT_ACTIVE_COMPILATION_CONDITIONS = DEBUG;
				SWIFT_OPTIMIZATION_LEVEL = "-Onone";
			};
			name = Debug;
		};
		D2B29A2220DC7D4C00D42C4C /* Release */ = {
			isa = XCBuildConfiguration;
			buildSettings = {
				ALWAYS_SEARCH_USER_PATHS = NO;
				CLANG_ANALYZER_NONNULL = YES;
				CLANG_ANALYZER_NUMBER_OBJECT_CONVERSION = YES_AGGRESSIVE;
				CLANG_CXX_LANGUAGE_STANDARD = "gnu++14";
				CLANG_CXX_LIBRARY = "libc++";
				CLANG_ENABLE_MODULES = YES;
				CLANG_ENABLE_OBJC_ARC = YES;
				CLANG_ENABLE_OBJC_WEAK = YES;
				CLANG_WARN_BLOCK_CAPTURE_AUTORELEASING = YES;
				CLANG_WARN_BOOL_CONVERSION = YES;
				CLANG_WARN_COMMA = YES;
				CLANG_WARN_CONSTANT_CONVERSION = YES;
				CLANG_WARN_DEPRECATED_OBJC_IMPLEMENTATIONS = YES;
				CLANG_WARN_DIRECT_OBJC_ISA_USAGE = YES_ERROR;
				CLANG_WARN_DOCUMENTATION_COMMENTS = YES;
				CLANG_WARN_EMPTY_BODY = YES;
				CLANG_WARN_ENUM_CONVERSION = YES;
				CLANG_WARN_INFINITE_RECURSION = YES;
				CLANG_WARN_INT_CONVERSION = YES;
				CLANG_WARN_NON_LITERAL_NULL_CONVERSION = YES;
				CLANG_WARN_OBJC_IMPLICIT_RETAIN_SELF = YES;
				CLANG_WARN_OBJC_LITERAL_CONVERSION = YES;
				CLANG_WARN_OBJC_ROOT_CLASS = YES_ERROR;
				CLANG_WARN_RANGE_LOOP_ANALYSIS = YES;
				CLANG_WARN_STRICT_PROTOTYPES = YES;
				CLANG_WARN_SUSPICIOUS_MOVE = YES;
				CLANG_WARN_UNGUARDED_AVAILABILITY = YES_AGGRESSIVE;
				CLANG_WARN_UNREACHABLE_CODE = YES;
				CLANG_WARN__DUPLICATE_METHOD_MATCH = YES;
				CODE_SIGN_IDENTITY = "iPhone Developer";
				COPY_PHASE_STRIP = NO;
				DEBUG_INFORMATION_FORMAT = "dwarf-with-dsym";
				ENABLE_NS_ASSERTIONS = NO;
				ENABLE_STRICT_OBJC_MSGSEND = YES;
				GCC_C_LANGUAGE_STANDARD = gnu11;
				GCC_NO_COMMON_BLOCKS = YES;
				GCC_WARN_64_TO_32_BIT_CONVERSION = YES;
				GCC_WARN_ABOUT_RETURN_TYPE = YES_ERROR;
				GCC_WARN_UNDECLARED_SELECTOR = YES;
				GCC_WARN_UNINITIALIZED_AUTOS = YES_AGGRESSIVE;
				GCC_WARN_UNUSED_FUNCTION = YES;
				GCC_WARN_UNUSED_VARIABLE = YES;
				IPHONEOS_DEPLOYMENT_TARGET = 11.4;
				MTL_ENABLE_DEBUG_INFO = NO;
				SDKROOT = iphoneos;
				SWIFT_COMPILATION_MODE = wholemodule;
				SWIFT_OPTIMIZATION_LEVEL = "-O";
				VALIDATE_PRODUCT = YES;
			};
			name = Release;
		};
		D2B29A2420DC7D4C00D42C4C /* Debug */ = {
			isa = XCBuildConfiguration;
			buildSettings = {
				ASSETCATALOG_COMPILER_APPICON_NAME = AppIcon;
				CODE_SIGN_STYLE = Automatic;
				DEVELOPMENT_TEAM = K3A468BXVA;
				INFOPLIST_FILE = AppStore/Info.plist;
				LD_RUNPATH_SEARCH_PATHS = (
					"$(inherited)",
					"@executable_path/Frameworks",
				);
				PRODUCT_BUNDLE_IDENTIFIER = net.azsha.AppStore;
				PRODUCT_NAME = "$(TARGET_NAME)";
				SWIFT_VERSION = 4.0;
				TARGETED_DEVICE_FAMILY = "1,2";
			};
			name = Debug;
		};
		D2B29A2520DC7D4C00D42C4C /* Release */ = {
			isa = XCBuildConfiguration;
			buildSettings = {
				ASSETCATALOG_COMPILER_APPICON_NAME = AppIcon;
				CODE_SIGN_STYLE = Automatic;
				DEVELOPMENT_TEAM = K3A468BXVA;
				INFOPLIST_FILE = AppStore/Info.plist;
				LD_RUNPATH_SEARCH_PATHS = (
					"$(inherited)",
					"@executable_path/Frameworks",
				);
				PRODUCT_BUNDLE_IDENTIFIER = net.azsha.AppStore;
				PRODUCT_NAME = "$(TARGET_NAME)";
				SWIFT_VERSION = 4.0;
				TARGETED_DEVICE_FAMILY = "1,2";
			};
			name = Release;
		};
		D2B29A2720DC7D4C00D42C4C /* Debug */ = {
			isa = XCBuildConfiguration;
			buildSettings = {
				ALWAYS_EMBED_SWIFT_STANDARD_LIBRARIES = YES;
				BUNDLE_LOADER = "$(TEST_HOST)";
				CODE_SIGN_STYLE = Automatic;
				DEVELOPMENT_TEAM = K3A468BXVA;
				INFOPLIST_FILE = AppStoreTests/Info.plist;
				LD_RUNPATH_SEARCH_PATHS = (
					"$(inherited)",
					"@executable_path/Frameworks",
					"@loader_path/Frameworks",
				);
				PRODUCT_BUNDLE_IDENTIFIER = net.azsha.AppStoreTests;
				PRODUCT_NAME = "$(TARGET_NAME)";
				SWIFT_VERSION = 4.0;
				TARGETED_DEVICE_FAMILY = "1,2";
				TEST_HOST = "$(BUILT_PRODUCTS_DIR)/AppStore.app/AppStore";
			};
			name = Debug;
		};
		D2B29A2820DC7D4C00D42C4C /* Release */ = {
			isa = XCBuildConfiguration;
			buildSettings = {
				ALWAYS_EMBED_SWIFT_STANDARD_LIBRARIES = YES;
				BUNDLE_LOADER = "$(TEST_HOST)";
				CODE_SIGN_STYLE = Automatic;
				DEVELOPMENT_TEAM = K3A468BXVA;
				INFOPLIST_FILE = AppStoreTests/Info.plist;
				LD_RUNPATH_SEARCH_PATHS = (
					"$(inherited)",
					"@executable_path/Frameworks",
					"@loader_path/Frameworks",
				);
				PRODUCT_BUNDLE_IDENTIFIER = net.azsha.AppStoreTests;
				PRODUCT_NAME = "$(TARGET_NAME)";
				SWIFT_VERSION = 4.0;
				TARGETED_DEVICE_FAMILY = "1,2";
				TEST_HOST = "$(BUILT_PRODUCTS_DIR)/AppStore.app/AppStore";
			};
			name = Release;
		};
		D2B29A2A20DC7D4C00D42C4C /* Debug */ = {
			isa = XCBuildConfiguration;
			buildSettings = {
				ALWAYS_EMBED_SWIFT_STANDARD_LIBRARIES = YES;
				CODE_SIGN_STYLE = Automatic;
				DEVELOPMENT_TEAM = K3A468BXVA;
				INFOPLIST_FILE = AppStoreUITests/Info.plist;
				LD_RUNPATH_SEARCH_PATHS = (
					"$(inherited)",
					"@executable_path/Frameworks",
					"@loader_path/Frameworks",
				);
				PRODUCT_BUNDLE_IDENTIFIER = net.azsha.AppStoreUITests;
				PRODUCT_NAME = "$(TARGET_NAME)";
				SWIFT_VERSION = 4.0;
				TARGETED_DEVICE_FAMILY = "1,2";
				TEST_TARGET_NAME = AppStore;
			};
			name = Debug;
		};
		D2B29A2B20DC7D4C00D42C4C /* Release */ = {
			isa = XCBuildConfiguration;
			buildSettings = {
				ALWAYS_EMBED_SWIFT_STANDARD_LIBRARIES = YES;
				CODE_SIGN_STYLE = Automatic;
				DEVELOPMENT_TEAM = K3A468BXVA;
				INFOPLIST_FILE = AppStoreUITests/Info.plist;
				LD_RUNPATH_SEARCH_PATHS = (
					"$(inherited)",
					"@executable_path/Frameworks",
					"@loader_path/Frameworks",
				);
				PRODUCT_BUNDLE_IDENTIFIER = net.azsha.AppStoreUITests;
				PRODUCT_NAME = "$(TARGET_NAME)";
				SWIFT_VERSION = 4.0;
				TARGETED_DEVICE_FAMILY = "1,2";
				TEST_TARGET_NAME = AppStore;
			};
			name = Release;
		};
/* End XCBuildConfiguration section */

/* Begin XCConfigurationList section */
		D2B299F620DC7D4A00D42C4C /* Build configuration list for PBXProject "AppStore" */ = {
			isa = XCConfigurationList;
			buildConfigurations = (
				D2B29A2120DC7D4C00D42C4C /* Debug */,
				D2B29A2220DC7D4C00D42C4C /* Release */,
			);
			defaultConfigurationIsVisible = 0;
			defaultConfigurationName = Release;
		};
		D2B29A2320DC7D4C00D42C4C /* Build configuration list for PBXNativeTarget "AppStore" */ = {
			isa = XCConfigurationList;
			buildConfigurations = (
				D2B29A2420DC7D4C00D42C4C /* Debug */,
				D2B29A2520DC7D4C00D42C4C /* Release */,
			);
			defaultConfigurationIsVisible = 0;
			defaultConfigurationName = Release;
		};
		D2B29A2620DC7D4C00D42C4C /* Build configuration list for PBXNativeTarget "AppStoreTests" */ = {
			isa = XCConfigurationList;
			buildConfigurations = (
				D2B29A2720DC7D4C00D42C4C /* Debug */,
				D2B29A2820DC7D4C00D42C4C /* Release */,
			);
			defaultConfigurationIsVisible = 0;
			defaultConfigurationName = Release;
		};
		D2B29A2920DC7D4C00D42C4C /* Build configuration list for PBXNativeTarget "AppStoreUITests" */ = {
			isa = XCConfigurationList;
			buildConfigurations = (
				D2B29A2A20DC7D4C00D42C4C /* Debug */,
				D2B29A2B20DC7D4C00D42C4C /* Release */,
			);
			defaultConfigurationIsVisible = 0;
			defaultConfigurationName = Release;
		};
/* End XCConfigurationList section */
	};
	rootObject = D2B299F320DC7D4A00D42C4C /* Project object */;
}
